
Microsoft Visual Studio Solution File, Format Version 11.00
# Visual Studio 2010
Project("{FAE04EC0-301F-11D3-BF4B-00C04F79EFBC}") = "DependencyResolver", "DependencyResolver\DependencyResolver.csproj", "{5989ED36-D756-47A5-8CFD-8AF6051B94E8}"
EndProject
Project("{FAE04EC0-301F-11D3-BF4B-00C04F79EFBC}") = "DependencyResolver.Test", "DependencyResolver.Test\DependencyResolver.Test.csproj", "{6DF01BFA-2F52-4AA1-B33A-CA11E8A30C0C}"
EndProject
Project("{FAE04EC0-301F-11D3-BF4B-00C04F79EFBC}") = "SomeOtherAssembly", "SomeOtherAssembly\SomeOtherAssembly.csproj", "{225EED27-6D62-4F49-BC22-5656F545E2C5}"
EndProject
Project("{FAE04EC0-301F-11D3-BF4B-00C04F79EFBC}") = "SomeOtherAssembly.Reference", "SomeOtherAssembly.Reference\SomeOtherAssembly.Reference.csproj", "{AC1955AE-72F2-46BA-A561-4FE1560BE376}"
EndProject
Project("{FAE04EC0-301F-11D3-BF4B-00C04F79EFBC}") = "DependencyResolver.AppDomainHelper", "DependencyResolver.AppDomainHelper\DependencyResolver.AppDomainHelper.csproj", "{38D686A8-AA7D-4CCE-8DB7-F449CEC0757D}"
EndProject
Global
	GlobalSection(SolutionConfigurationPlatforms) = preSolution
		Debug|Any CPU = Debug|Any CPU
		Release|Any CPU = Release|Any CPU
	EndGlobalSection
	GlobalSection(ProjectConfigurationPlatforms) = postSolution
		{5989ED36-D756-47A5-8CFD-8AF6051B94E8}.Debug|Any CPU.ActiveCfg = Debug|Any CPU
		{5989ED36-D756-47A5-8CFD-8AF6051B94E8}.Debug|Any CPU.Build.0 = Debug|Any CPU
		{5989ED36-D756-47A5-8CFD-8AF6051B94E8}.Release|Any CPU.ActiveCfg = Release|Any CPU
		{5989ED36-D756-47A5-8CFD-8AF6051B94E8}.Release|Any CPU.Build.0 = Release|Any CPU
		{6DF01BFA-2F52-4AA1-B33A-CA11E8A30C0C}.Debug|Any CPU.ActiveCfg = Debug|Any CPU
		{6DF01BFA-2F52-4AA1-B33A-CA11E8A30C0C}.Debug|Any CPU.Build.0 = Debug|Any CPU
		{6DF01BFA-2F52-4AA1-B33A-CA11E8A30C0C}.Release|Any CPU.ActiveCfg = Release|Any CPU
		{6DF01BFA-2F52-4AA1-B33A-CA11E8A30C0C}.Release|Any CPU.Build.0 = Release|Any CPU
		{225EED27-6D62-4F49-BC22-5656F545E2C5}.Debug|Any CPU.ActiveCfg = Debug|Any CPU
		{225EED27-6D62-4F49-BC22-5656F545E2C5}.Debug|Any CPU.Build.0 = Debug|Any CPU
		{225EED27-6D62-4F49-BC22-5656F545E2C5}.Release|Any CPU.ActiveCfg = Release|Any CPU
		{225EED27-6D62-4F49-BC22-5656F545E2C5}.Release|Any CPU.Build.0 = Release|Any CPU
		{AC1955AE-72F2-46BA-A561-4FE1560BE376}.Debug|Any CPU.ActiveCfg = Debug|Any CPU
		{AC1955AE-72F2-46BA-A561-4FE1560BE376}.Debug|Any CPU.Build.0 = Debug|Any CPU
		{AC1955AE-72F2-46BA-A561-4FE1560BE376}.Release|Any CPU.ActiveCfg = Release|Any CPU
		{AC1955AE-72F2-46BA-A561-4FE1560BE376}.Release|Any CPU.Build.0 = Release|Any CPU
		{38D686A8-AA7D-4CCE-8DB7-F449CEC0757D}.Debug|Any CPU.ActiveCfg = Debug|Any CPU
		{38D686A8-AA7D-4CCE-8DB7-F449CEC0757D}.Debug|Any CPU.Build.0 = Debug|Any CPU
		{38D686A8-AA7D-4CCE-8DB7-F449CEC0757D}.Release|Any CPU.ActiveCfg = Release|Any CPU
		{38D686A8-AA7D-4CCE-8DB7-F449CEC0757D}.Release|Any CPU.Build.0 = Release|Any CPU
	EndGlobalSection
	GlobalSection(SolutionProperties) = preSolution
		HideSolutionNode = FALSE
	EndGlobalSection
EndGlobal
